
Microsoft Visual Studio Solution File, Format Version 12.00
# Visual Studio 15
VisualStudioVersion = 15.0.27130.2010
MinimumVisualStudioVersion = 10.0.40219.1
Project("{2150E333-8FDC-42A3-9474-1A3956D46DE8}") = "Include", "Include", "{44FD14EF-F7FA-42CC-B618-E71A16B4EFF8}"
EndProject
Project("{2150E333-8FDC-42A3-9474-1A3956D46DE8}") = "Lib", "Lib", "{BFED2AB6-2C7D-40B6-9DC6-3B904D142C1C}"
EndProject
Project("{8BC9CEB8-8B4A-11D0-8D11-00A0C91BC942}") = "WindmillGKOM", "gl_04\gl_04.vcxproj", "{3E0F5808-5C8A-4A21-85EC-75132CB132CF}"
EndProject
Global
	GlobalSection(SolutionConfigurationPlatforms) = preSolution
		Debug|Win32 = Debug|Win32
		Debug|x64 = Debug|x64
		Release|Win32 = Release|Win32
		Release|x64 = Release|x64
	EndGlobalSection
	GlobalSection(ProjectConfigurationPlatforms) = postSolution
		{3E0F5808-5C8A-4A21-85EC-75132CB132CF}.Debug|Win32.ActiveCfg = Debug|Win32
		{3E0F5808-5C8A-4A21-85EC-75132CB132CF}.Debug|Win32.Build.0 = Debug|Win32
		{3E0F5808-5C8A-4A21-85EC-75132CB132CF}.Debug|x64.ActiveCfg = Debug|Win32
		{3E0F5808-5C8A-4A21-85EC-75132CB132CF}.Release|Win32.ActiveCfg = Release|Win32
		{3E0F5808-5C8A-4A21-85EC-75132CB132CF}.Release|Win32.Build.0 = Release|Win32
		{3E0F5808-5C8A-4A21-85EC-75132CB132CF}.Release|x64.ActiveCfg = Release|Win32
	EndGlobalSection
	GlobalSection(SolutionProperties) = preSolution
		HideSolutionNode = FALSE
	EndGlobalSection
	GlobalSection(ExtensibilityGlobals) = postSolution
		SolutionGuid = {4A95C34B-E5F3-429D-995F-7C275FE85D58}
	EndGlobalSection
EndGlobal
